
Microsoft Visual Studio Solution File, Format Version 12.00
# Visual Studio Version 16
VisualStudioVersion = 16.0.29911.84
MinimumVisualStudioVersion = 10.0.40219.1
Project("{FAE04EC0-301F-11D3-BF4B-00C04F79EFBC}") = "CoronaVirusApp", "CoronaVirusApp\CoronaVirusApp.csproj", "{8231C4DD-453B-4022-AEF2-8660E7702F11}"
EndProject
Project("{FAE04EC0-301F-11D3-BF4B-00C04F79EFBC}") = "CoronaVirusApp.Core", "CoronaVirusApp.Core\CoronaVirusApp.Core.csproj", "{E41E15FA-583F-4CB0-9A4C-D56469E7B8A5}"
EndProject
Project("{FAE04EC0-301F-11D3-BF4B-00C04F79EFBC}") = "CoronaVirusApp.Data", "CoronaVirusApp.Data\CoronaVirusApp.Data.csproj", "{C9E9DFBE-9B3D-4F49-9776-C31721A774A1}"
EndProject
Global
	GlobalSection(SolutionConfigurationPlatforms) = preSolution
		Debug|Any CPU = Debug|Any CPU
		Release|Any CPU = Release|Any CPU
	EndGlobalSection
	GlobalSection(ProjectConfigurationPlatforms) = postSolution
		{8231C4DD-453B-4022-AEF2-8660E7702F11}.Debug|Any CPU.ActiveCfg = Debug|Any CPU
		{8231C4DD-453B-4022-AEF2-8660E7702F11}.Debug|Any CPU.Build.0 = Debug|Any CPU
		{8231C4DD-453B-4022-AEF2-8660E7702F11}.Release|Any CPU.ActiveCfg = Release|Any CPU
		{8231C4DD-453B-4022-AEF2-8660E7702F11}.Release|Any CPU.Build.0 = Release|Any CPU
		{E41E15FA-583F-4CB0-9A4C-D56469E7B8A5}.Debug|Any CPU.ActiveCfg = Debug|Any CPU
		{E41E15FA-583F-4CB0-9A4C-D56469E7B8A5}.Debug|Any CPU.Build.0 = Debug|Any CPU
		{E41E15FA-583F-4CB0-9A4C-D56469E7B8A5}.Release|Any CPU.ActiveCfg = Release|Any CPU
		{E41E15FA-583F-4CB0-9A4C-D56469E7B8A5}.Release|Any CPU.Build.0 = Release|Any CPU
		{C9E9DFBE-9B3D-4F49-9776-C31721A774A1}.Debug|Any CPU.ActiveCfg = Debug|Any CPU
		{C9E9DFBE-9B3D-4F49-9776-C31721A774A1}.Debug|Any CPU.Build.0 = Debug|Any CPU
		{C9E9DFBE-9B3D-4F49-9776-C31721A774A1}.Release|Any CPU.ActiveCfg = Release|Any CPU
		{C9E9DFBE-9B3D-4F49-9776-C31721A774A1}.Release|Any CPU.Build.0 = Release|Any CPU
	EndGlobalSection
	GlobalSection(SolutionProperties) = preSolution
		HideSolutionNode = FALSE
	EndGlobalSection
	GlobalSection(ExtensibilityGlobals) = postSolution
		SolutionGuid = {2DAE5BF1-B7DE-4C86-8C9E-D330AE55DEB1}
	EndGlobalSection
EndGlobal
